// !$*UTF8*$!
{
	archiveVersion = 1;
	classes = {
	};
	objectVersion = 48;
	objects = {

/* Begin PBXBuildFile section */
		035AFCE41FC554E000448767 /* AppDelegate.swift in Sources */ = {isa = PBXBuildFile; fileRef = 035AFCE31FC554E000448767 /* AppDelegate.swift */; };
		035AFCE91FC554E000448767 /* Main.storyboard in Resources */ = {isa = PBXBuildFile; fileRef = 035AFCE71FC554E000448767 /* Main.storyboard */; };
		035AFCEB1FC554E000448767 /* Assets.xcassets in Resources */ = {isa = PBXBuildFile; fileRef = 035AFCEA1FC554E000448767 /* Assets.xcassets */; };
		035AFCEE1FC554E000448767 /* LaunchScreen.storyboard in Resources */ = {isa = PBXBuildFile; fileRef = 035AFCEC1FC554E000448767 /* LaunchScreen.storyboard */; };
		035AFCF91FC554E000448767 /* WeatherForecastTests.swift in Sources */ = {isa = PBXBuildFile; fileRef = 035AFCF81FC554E000448767 /* WeatherForecastTests.swift */; };
		035AFD041FC554E000448767 /* WeatherForecastUITests.swift in Sources */ = {isa = PBXBuildFile; fileRef = 035AFD031FC554E000448767 /* WeatherForecastUITests.swift */; };
		035AFD1A1FC5553A00448767 /* WeatherManager.swift in Sources */ = {isa = PBXBuildFile; fileRef = 035AFD111FC5553900448767 /* WeatherManager.swift */; };
		035AFD1B1FC5553A00448767 /* WeatherViewController.swift in Sources */ = {isa = PBXBuildFile; fileRef = 035AFD121FC5553900448767 /* WeatherViewController.swift */; };
		035AFD1C1FC5553A00448767 /* SearchCityViewController.swift in Sources */ = {isa = PBXBuildFile; fileRef = 035AFD131FC5553900448767 /* SearchCityViewController.swift */; };
		035AFD1D1FC5553A00448767 /* MyJSONPaser.swift in Sources */ = {isa = PBXBuildFile; fileRef = 035AFD141FC5553900448767 /* MyJSONPaser.swift */; };
		035AFD1E1FC5553A00448767 /* WeatherInfo.swift in Sources */ = {isa = PBXBuildFile; fileRef = 035AFD151FC5553900448767 /* WeatherInfo.swift */; };
		035AFD1F1FC5553A00448767 /* SelectCityTableViewController.swift in Sources */ = {isa = PBXBuildFile; fileRef = 035AFD161FC5553900448767 /* SelectCityTableViewController.swift */; };
		035AFD211FC5553A00448767 /* ForecastType.swift in Sources */ = {isa = PBXBuildFile; fileRef = 035AFD181FC5553A00448767 /* ForecastType.swift */; };
		035AFD321FC5575800448767 /* defaultImage.jpg in Resources */ = {isa = PBXBuildFile; fileRef = 035AFD2C1FC5575800448767 /* defaultImage.jpg */; };
		035AFD331FC5575800448767 /* magnifier.png in Resources */ = {isa = PBXBuildFile; fileRef = 035AFD2D1FC5575800448767 /* magnifier.png */; };
		035AFD361FC55DB900448767 /* Extension.swift in Sources */ = {isa = PBXBuildFile; fileRef = 035AFD351FC55DB900448767 /* Extension.swift */; };
		035AFD381FC6820000448767 /* WeatherStatusBackground.swift in Sources */ = {isa = PBXBuildFile; fileRef = 035AFD371FC6820000448767 /* WeatherStatusBackground.swift */; };
		035AFD3A1FC6886300448767 /* ImageCoverView.swift in Sources */ = {isa = PBXBuildFile; fileRef = 035AFD391FC6886300448767 /* ImageCoverView.swift */; };
		035AFD3C1FC6920400448767 /* City.swift in Sources */ = {isa = PBXBuildFile; fileRef = 035AFD3B1FC6920400448767 /* City.swift */; };
		035AFD3E1FC6931700448767 /* CityRepository.swift in Sources */ = {isa = PBXBuildFile; fileRef = 035AFD3D1FC6931700448767 /* CityRepository.swift */; };
		035AFD401FC6967C00448767 /* Logger.swift in Sources */ = {isa = PBXBuildFile; fileRef = 035AFD3F1FC6967C00448767 /* Logger.swift */; };
		035AFD421FC6A57900448767 /* rain.jpg in Resources */ = {isa = PBXBuildFile; fileRef = 035AFD411FC6A57900448767 /* rain.jpg */; };
		035AFD441FC6A5D400448767 /* cloudMany.jpg in Resources */ = {isa = PBXBuildFile; fileRef = 035AFD431FC6A5D400448767 /* cloudMany.jpg */; };
		035AFD4C1FC6A97F00448767 /* cloud.jpg in Resources */ = {isa = PBXBuildFile; fileRef = 035AFD4B1FC6A97F00448767 /* cloud.jpg */; };
		035AFD521FC6A98F00448767 /* thunderstorm.jpg in Resources */ = {isa = PBXBuildFile; fileRef = 035AFD4D1FC6A98E00448767 /* thunderstorm.jpg */; };
		035AFD531FC6A98F00448767 /* rainAndSun.jpg in Resources */ = {isa = PBXBuildFile; fileRef = 035AFD4E1FC6A98E00448767 /* rainAndSun.jpg */; };
		035AFD541FC6A98F00448767 /* notSunny.jpg in Resources */ = {isa = PBXBuildFile; fileRef = 035AFD4F1FC6A98F00448767 /* notSunny.jpg */; };
		035AFD551FC6A98F00448767 /* snowCloud.jpg in Resources */ = {isa = PBXBuildFile; fileRef = 035AFD501FC6A98F00448767 /* snowCloud.jpg */; };
		035AFD561FC6A98F00448767 /* snowAndRain.jpg in Resources */ = {isa = PBXBuildFile; fileRef = 035AFD511FC6A98F00448767 /* snowAndRain.jpg */; };
		035AFD581FC6AA1E00448767 /* sunny.jpg in Resources */ = {isa = PBXBuildFile; fileRef = 035AFD571FC6AA1E00448767 /* sunny.jpg */; };
		035AFD5C1FC6B01700448767 /* darkSnow.jpg in Resources */ = {isa = PBXBuildFile; fileRef = 035AFD5B1FC6B01700448767 /* darkSnow.jpg */; };
		03EAE79D1FCD24A800A2658A /* WaitNetworkAlertView.swift in Sources */ = {isa = PBXBuildFile; fileRef = 03EAE79C1FCD24A800A2658A /* WaitNetworkAlertView.swift */; };
		178ABC8990C06DEAD11C54A9 /* Pods_WeatherForecastUITests.framework in Frameworks */ = {isa = PBXBuildFile; fileRef = 5D36F83275D705C3DF112FC0 /* Pods_WeatherForecastUITests.framework */; };
		83A586873363291B291AFAC8 /* Pods_WeatherForecast.framework in Frameworks */ = {isa = PBXBuildFile; fileRef = 56C071AF4E100D221C6E2BFB /* Pods_WeatherForecast.framework */; };
		DC2C4E4359C220FA39A0C96B /* Pods_WeatherForecastTests.framework in Frameworks */ = {isa = PBXBuildFile; fileRef = 9FB3B452DED6D019C7AC795D /* Pods_WeatherForecastTests.framework */; };
/* End PBXBuildFile section */

/* Begin PBXContainerItemProxy section */
		035AFCF51FC554E000448767 /* PBXContainerItemProxy */ = {
			isa = PBXContainerItemProxy;
			containerPortal = 035AFCD81FC554E000448767 /* Project object */;
			proxyType = 1;
			remoteGlobalIDString = 035AFCDF1FC554E000448767;
			remoteInfo = WeatherForecast;
		};
		035AFD001FC554E000448767 /* PBXContainerItemProxy */ = {
			isa = PBXContainerItemProxy;
			containerPortal = 035AFCD81FC554E000448767 /* Project object */;
			proxyType = 1;
			remoteGlobalIDString = 035AFCDF1FC554E000448767;
			remoteInfo = WeatherForecast;
		};
/* End PBXContainerItemProxy section */

/* Begin PBXFileReference section */
		035AFCE01FC554E000448767 /* WeatherForecast.app */ = {isa = PBXFileReference; explicitFileType = wrapper.application; includeInIndex = 0; path = WeatherForecast.app; sourceTree = BUILT_PRODUCTS_DIR; };
		035AFCE31FC554E000448767 /* AppDelegate.swift */ = {isa = PBXFileReference; lastKnownFileType = sourcecode.swift; path = AppDelegate.swift; sourceTree = "<group>"; };
		035AFCE81FC554E000448767 /* Base */ = {isa = PBXFileReference; lastKnownFileType = file.storyboard; name = Base; path = Base.lproj/Main.storyboard; sourceTree = "<group>"; };
		035AFCEA1FC554E000448767 /* Assets.xcassets */ = {isa = PBXFileReference; lastKnownFileType = folder.assetcatalog; path = Assets.xcassets; sourceTree = "<group>"; };
		035AFCED1FC554E000448767 /* Base */ = {isa = PBXFileReference; lastKnownFileType = file.storyboard; name = Base; path = Base.lproj/LaunchScreen.storyboard; sourceTree = "<group>"; };
		035AFCEF1FC554E000448767 /* Info.plist */ = {isa = PBXFileReference; lastKnownFileType = text.plist.xml; path = Info.plist; sourceTree = "<group>"; };
		035AFCF41FC554E000448767 /* WeatherForecastTests.xctest */ = {isa = PBXFileReference; explicitFileType = wrapper.cfbundle; includeInIndex = 0; path = WeatherForecastTests.xctest; sourceTree = BUILT_PRODUCTS_DIR; };
		035AFCF81FC554E000448767 /* WeatherForecastTests.swift */ = {isa = PBXFileReference; lastKnownFileType = sourcecode.swift; path = WeatherForecastTests.swift; sourceTree = "<group>"; };
		035AFCFA1FC554E000448767 /* Info.plist */ = {isa = PBXFileReference; lastKnownFileType = text.plist.xml; path = Info.plist; sourceTree = "<group>"; };
		035AFCFF1FC554E000448767 /* WeatherForecastUITests.xctest */ = {isa = PBXFileReference; explicitFileType = wrapper.cfbundle; includeInIndex = 0; path = WeatherForecastUITests.xctest; sourceTree = BUILT_PRODUCTS_DIR; };
		035AFD031FC554E000448767 /* WeatherForecastUITests.swift */ = {isa = PBXFileReference; lastKnownFileType = sourcecode.swift; path = WeatherForecastUITests.swift; sourceTree = "<group>"; };
		035AFD051FC554E000448767 /* Info.plist */ = {isa = PBXFileReference; lastKnownFileType = text.plist.xml; path = Info.plist; sourceTree = "<group>"; };
		035AFD111FC5553900448767 /* WeatherManager.swift */ = {isa = PBXFileReference; fileEncoding = 4; lastKnownFileType = sourcecode.swift; path = WeatherManager.swift; sourceTree = "<group>"; };
		035AFD121FC5553900448767 /* WeatherViewController.swift */ = {isa = PBXFileReference; fileEncoding = 4; lastKnownFileType = sourcecode.swift; path = WeatherViewController.swift; sourceTree = "<group>"; };
		035AFD131FC5553900448767 /* SearchCityViewController.swift */ = {isa = PBXFileReference; fileEncoding = 4; lastKnownFileType = sourcecode.swift; path = SearchCityViewController.swift; sourceTree = "<group>"; };
		035AFD141FC5553900448767 /* MyJSONPaser.swift */ = {isa = PBXFileReference; fileEncoding = 4; lastKnownFileType = sourcecode.swift; path = MyJSONPaser.swift; sourceTree = "<group>"; };
		035AFD151FC5553900448767 /* WeatherInfo.swift */ = {isa = PBXFileReference; fileEncoding = 4; lastKnownFileType = sourcecode.swift; path = WeatherInfo.swift; sourceTree = "<group>"; };
		035AFD161FC5553900448767 /* SelectCityTableViewController.swift */ = {isa = PBXFileReference; fileEncoding = 4; lastKnownFileType = sourcecode.swift; path = SelectCityTableViewController.swift; sourceTree = "<group>"; };
		035AFD181FC5553A00448767 /* ForecastType.swift */ = {isa = PBXFileReference; fileEncoding = 4; lastKnownFileType = sourcecode.swift; path = ForecastType.swift; sourceTree = "<group>"; };
		035AFD2C1FC5575800448767 /* defaultImage.jpg */ = {isa = PBXFileReference; lastKnownFileType = image.jpeg; path = defaultImage.jpg; sourceTree = "<group>"; };
		035AFD2D1FC5575800448767 /* magnifier.png */ = {isa = PBXFileReference; lastKnownFileType = image.png; path = magnifier.png; sourceTree = "<group>"; };
		035AFD351FC55DB900448767 /* Extension.swift */ = {isa = PBXFileReference; fileEncoding = 4; lastKnownFileType = sourcecode.swift; path = Extension.swift; sourceTree = "<group>"; };
		035AFD371FC6820000448767 /* WeatherStatusBackground.swift */ = {isa = PBXFileReference; lastKnownFileType = sourcecode.swift; path = WeatherStatusBackground.swift; sourceTree = "<group>"; };
		035AFD391FC6886300448767 /* ImageCoverView.swift */ = {isa = PBXFileReference; lastKnownFileType = sourcecode.swift; path = ImageCoverView.swift; sourceTree = "<group>"; };
		035AFD3B1FC6920400448767 /* City.swift */ = {isa = PBXFileReference; lastKnownFileType = sourcecode.swift; path = City.swift; sourceTree = "<group>"; };
		035AFD3D1FC6931700448767 /* CityRepository.swift */ = {isa = PBXFileReference; lastKnownFileType = sourcecode.swift; path = CityRepository.swift; sourceTree = "<group>"; };
		035AFD3F1FC6967C00448767 /* Logger.swift */ = {isa = PBXFileReference; fileEncoding = 4; lastKnownFileType = sourcecode.swift; path = Logger.swift; sourceTree = "<group>"; };
		035AFD411FC6A57900448767 /* rain.jpg */ = {isa = PBXFileReference; lastKnownFileType = image.jpeg; path = rain.jpg; sourceTree = "<group>"; };
		035AFD431FC6A5D400448767 /* cloudMany.jpg */ = {isa = PBXFileReference; lastKnownFileType = image.jpeg; path = cloudMany.jpg; sourceTree = "<group>"; };
		035AFD4B1FC6A97F00448767 /* cloud.jpg */ = {isa = PBXFileReference; lastKnownFileType = image.jpeg; path = cloud.jpg; sourceTree = "<group>"; };
		035AFD4D1FC6A98E00448767 /* thunderstorm.jpg */ = {isa = PBXFileReference; lastKnownFileType = image.jpeg; path = thunderstorm.jpg; sourceTree = "<group>"; };
		035AFD4E1FC6A98E00448767 /* rainAndSun.jpg */ = {isa = PBXFileReference; lastKnownFileType = image.jpeg; path = rainAndSun.jpg; sourceTree = "<group>"; };
		035AFD4F1FC6A98F00448767 /* notSunny.jpg */ = {isa = PBXFileReference; lastKnownFileType = image.jpeg; path = notSunny.jpg; sourceTree = "<group>"; };
		035AFD501FC6A98F00448767 /* snowCloud.jpg */ = {isa = PBXFileReference; lastKnownFileType = image.jpeg; path = snowCloud.jpg; sourceTree = "<group>"; };
		035AFD511FC6A98F00448767 /* snowAndRain.jpg */ = {isa = PBXFileReference; lastKnownFileType = image.jpeg; path = snowAndRain.jpg; sourceTree = "<group>"; };
		035AFD571FC6AA1E00448767 /* sunny.jpg */ = {isa = PBXFileReference; lastKnownFileType = image.jpeg; path = sunny.jpg; sourceTree = "<group>"; };
		035AFD5B1FC6B01700448767 /* darkSnow.jpg */ = {isa = PBXFileReference; lastKnownFileType = image.jpeg; path = darkSnow.jpg; sourceTree = "<group>"; };
		03EAE79C1FCD24A800A2658A /* WaitNetworkAlertView.swift */ = {isa = PBXFileReference; lastKnownFileType = sourcecode.swift; path = WaitNetworkAlertView.swift; sourceTree = "<group>"; };
		08B10ED610538ACD86289DFA /* Pods-WeatherForecastUITests.release.xcconfig */ = {isa = PBXFileReference; includeInIndex = 1; lastKnownFileType = text.xcconfig; name = "Pods-WeatherForecastUITests.release.xcconfig"; path = "Pods/Target Support Files/Pods-WeatherForecastUITests/Pods-WeatherForecastUITests.release.xcconfig"; sourceTree = "<group>"; };
		339BB6D419158C5C3AEDFF7F /* Pods-WeatherForecastTests.release.xcconfig */ = {isa = PBXFileReference; includeInIndex = 1; lastKnownFileType = text.xcconfig; name = "Pods-WeatherForecastTests.release.xcconfig"; path = "Pods/Target Support Files/Pods-WeatherForecastTests/Pods-WeatherForecastTests.release.xcconfig"; sourceTree = "<group>"; };
		56C071AF4E100D221C6E2BFB /* Pods_WeatherForecast.framework */ = {isa = PBXFileReference; explicitFileType = wrapper.framework; includeInIndex = 0; path = Pods_WeatherForecast.framework; sourceTree = BUILT_PRODUCTS_DIR; };
		5D36F83275D705C3DF112FC0 /* Pods_WeatherForecastUITests.framework */ = {isa = PBXFileReference; explicitFileType = wrapper.framework; includeInIndex = 0; path = Pods_WeatherForecastUITests.framework; sourceTree = BUILT_PRODUCTS_DIR; };
		5D7CE187400F0AC992A02343 /* Pods-WeatherForecast.debug.xcconfig */ = {isa = PBXFileReference; includeInIndex = 1; lastKnownFileType = text.xcconfig; name = "Pods-WeatherForecast.debug.xcconfig"; path = "Pods/Target Support Files/Pods-WeatherForecast/Pods-WeatherForecast.debug.xcconfig"; sourceTree = "<group>"; };
		83ED8506336DB35AC6906164 /* Pods-WeatherForecastUITests.debug.xcconfig */ = {isa = PBXFileReference; includeInIndex = 1; lastKnownFileType = text.xcconfig; name = "Pods-WeatherForecastUITests.debug.xcconfig"; path = "Pods/Target Support Files/Pods-WeatherForecastUITests/Pods-WeatherForecastUITests.debug.xcconfig"; sourceTree = "<group>"; };
		91799AA539B4EB336DB079AD /* Pods-WeatherForecastTests.debug.xcconfig */ = {isa = PBXFileReference; includeInIndex = 1; lastKnownFileType = text.xcconfig; name = "Pods-WeatherForecastTests.debug.xcconfig"; path = "Pods/Target Support Files/Pods-WeatherForecastTests/Pods-WeatherForecastTests.debug.xcconfig"; sourceTree = "<group>"; };
		9FB3B452DED6D019C7AC795D /* Pods_WeatherForecastTests.framework */ = {isa = PBXFileReference; explicitFileType = wrapper.framework; includeInIndex = 0; path = Pods_WeatherForecastTests.framework; sourceTree = BUILT_PRODUCTS_DIR; };
		AB5AD494DDA54747627F7568 /* Pods-WeatherForecast.release.xcconfig */ = {isa = PBXFileReference; includeInIndex = 1; lastKnownFileType = text.xcconfig; name = "Pods-WeatherForecast.release.xcconfig"; path = "Pods/Target Support Files/Pods-WeatherForecast/Pods-WeatherForecast.release.xcconfig"; sourceTree = "<group>"; };
/* End PBXFileReference section */

/* Begin PBXFrameworksBuildPhase section */
		035AFCDD1FC554E000448767 /* Frameworks */ = {
			isa = PBXFrameworksBuildPhase;
			buildActionMask = 2147483647;
			files = (
				83A586873363291B291AFAC8 /* Pods_WeatherForecast.framework in Frameworks */,
			);
			runOnlyForDeploymentPostprocessing = 0;
		};
		035AFCF11FC554E000448767 /* Frameworks */ = {
			isa = PBXFrameworksBuildPhase;
			buildActionMask = 2147483647;
			files = (
				DC2C4E4359C220FA39A0C96B /* Pods_WeatherForecastTests.framework in Frameworks */,
			);
			runOnlyForDeploymentPostprocessing = 0;
		};
		035AFCFC1FC554E000448767 /* Frameworks */ = {
			isa = PBXFrameworksBuildPhase;
			buildActionMask = 2147483647;
			files = (
				178ABC8990C06DEAD11C54A9 /* Pods_WeatherForecastUITests.framework in Frameworks */,
			);
			runOnlyForDeploymentPostprocessing = 0;
		};
/* End PBXFrameworksBuildPhase section */

/* Begin PBXGroup section */
		035AFCD71FC554E000448767 = {
			isa = PBXGroup;
			children = (
				035AFCE21FC554E000448767 /* WeatherForecast */,
				035AFCF71FC554E000448767 /* WeatherForecastTests */,
				035AFD021FC554E000448767 /* WeatherForecastUITests */,
				035AFCE11FC554E000448767 /* Products */,
				BE3DB5FB6C6C80C8D1C54B11 /* Pods */,
				D448FC8A3AD781401DAD04F8 /* Frameworks */,
			);
			sourceTree = "<group>";
		};
		035AFCE11FC554E000448767 /* Products */ = {
			isa = PBXGroup;
			children = (
				035AFCE01FC554E000448767 /* WeatherForecast.app */,
				035AFCF41FC554E000448767 /* WeatherForecastTests.xctest */,
				035AFCFF1FC554E000448767 /* WeatherForecastUITests.xctest */,
			);
			name = Products;
			sourceTree = "<group>";
		};
		035AFCE21FC554E000448767 /* WeatherForecast */ = {
			isa = PBXGroup;
			children = (
				035AFCE31FC554E000448767 /* AppDelegate.swift */,
				035AFD341FC557A600448767 /* Network */,
				035AFD271FC556C100448767 /* Support */,
				035AFD251FC5568800448767 /* Controller */,
				035AFD241FC5567F00448767 /* View */,
				035AFD231FC5567800448767 /* Model */,
				035AFD261FC556A200448767 /* Resource */,
				035AFCE71FC554E000448767 /* Main.storyboard */,
				035AFCEA1FC554E000448767 /* Assets.xcassets */,
				035AFCEC1FC554E000448767 /* LaunchScreen.storyboard */,
				035AFCEF1FC554E000448767 /* Info.plist */,
			);
			path = WeatherForecast;
			sourceTree = "<group>";
		};
		035AFCF71FC554E000448767 /* WeatherForecastTests */ = {
			isa = PBXGroup;
			children = (
				035AFCF81FC554E000448767 /* WeatherForecastTests.swift */,
				035AFCFA1FC554E000448767 /* Info.plist */,
			);
			path = WeatherForecastTests;
			sourceTree = "<group>";
		};
		035AFD021FC554E000448767 /* WeatherForecastUITests */ = {
			isa = PBXGroup;
			children = (
				035AFD031FC554E000448767 /* WeatherForecastUITests.swift */,
				035AFD051FC554E000448767 /* Info.plist */,
			);
			path = WeatherForecastUITests;
			sourceTree = "<group>";
		};
		035AFD231FC5567800448767 /* Model */ = {
			isa = PBXGroup;
			children = (
				035AFD3B1FC6920400448767 /* City.swift */,
				035AFD3D1FC6931700448767 /* CityRepository.swift */,
			);
			path = Model;
			sourceTree = "<group>";
		};
		035AFD241FC5567F00448767 /* View */ = {
			isa = PBXGroup;
			children = (
				035AFD371FC6820000448767 /* WeatherStatusBackground.swift */,
				035AFD391FC6886300448767 /* ImageCoverView.swift */,
				03EAE79C1FCD24A800A2658A /* WaitNetworkAlertView.swift */,
			);
			path = View;
			sourceTree = "<group>";
		};
		035AFD251FC5568800448767 /* Controller */ = {
			isa = PBXGroup;
			children = (
				035AFD161FC5553900448767 /* SelectCityTableViewController.swift */,
				035AFD131FC5553900448767 /* SearchCityViewController.swift */,
				035AFD121FC5553900448767 /* WeatherViewController.swift */,
			);
			path = Controller;
			sourceTree = "<group>";
		};
		035AFD261FC556A200448767 /* Resource */ = {
			isa = PBXGroup;
			children = (
				035AFD571FC6AA1E00448767 /* sunny.jpg */,
				035AFD4B1FC6A97F00448767 /* cloud.jpg */,
				035AFD431FC6A5D400448767 /* cloudMany.jpg */,
				035AFD4E1FC6A98E00448767 /* rainAndSun.jpg */,
				035AFD501FC6A98F00448767 /* snowCloud.jpg */,
				035AFD511FC6A98F00448767 /* snowAndRain.jpg */,
				035AFD4F1FC6A98F00448767 /* notSunny.jpg */,
				035AFD411FC6A57900448767 /* rain.jpg */,
				035AFD5B1FC6B01700448767 /* darkSnow.jpg */,
				035AFD4D1FC6A98E00448767 /* thunderstorm.jpg */,
				035AFD2C1FC5575800448767 /* defaultImage.jpg */,
				035AFD2D1FC5575800448767 /* magnifier.png */,
			);
			path = Resource;
			sourceTree = "<group>";
		};
		035AFD271FC556C100448767 /* Support */ = {
			isa = PBXGroup;
			children = (
				035AFD3F1FC6967C00448767 /* Logger.swift */,
				035AFD351FC55DB900448767 /* Extension.swift */,
				035AFD181FC5553A00448767 /* ForecastType.swift */,
				035AFD141FC5553900448767 /* MyJSONPaser.swift */,
				035AFD151FC5553900448767 /* WeatherInfo.swift */,
			);
			path = Support;
			sourceTree = "<group>";
		};
		035AFD341FC557A600448767 /* Network */ = {
			isa = PBXGroup;
			children = (
				035AFD111FC5553900448767 /* WeatherManager.swift */,
			);
			path = Network;
			sourceTree = "<group>";
		};
		BE3DB5FB6C6C80C8D1C54B11 /* Pods */ = {
			isa = PBXGroup;
			children = (
				5D7CE187400F0AC992A02343 /* Pods-WeatherForecast.debug.xcconfig */,
				AB5AD494DDA54747627F7568 /* Pods-WeatherForecast.release.xcconfig */,
				91799AA539B4EB336DB079AD /* Pods-WeatherForecastTests.debug.xcconfig */,
				339BB6D419158C5C3AEDFF7F /* Pods-WeatherForecastTests.release.xcconfig */,
				83ED8506336DB35AC6906164 /* Pods-WeatherForecastUITests.debug.xcconfig */,
				08B10ED610538ACD86289DFA /* Pods-WeatherForecastUITests.release.xcconfig */,
			);
			name = Pods;
			sourceTree = "<group>";
		};
		D448FC8A3AD781401DAD04F8 /* Frameworks */ = {
			isa = PBXGroup;
			children = (
				56C071AF4E100D221C6E2BFB /* Pods_WeatherForecast.framework */,
				9FB3B452DED6D019C7AC795D /* Pods_WeatherForecastTests.framework */,
				5D36F83275D705C3DF112FC0 /* Pods_WeatherForecastUITests.framework */,
			);
			name = Frameworks;
			sourceTree = "<group>";
		};
/* End PBXGroup section */

/* Begin PBXNativeTarget section */
		035AFCDF1FC554E000448767 /* WeatherForecast */ = {
			isa = PBXNativeTarget;
			buildConfigurationList = 035AFD081FC554E000448767 /* Build configuration list for PBXNativeTarget "WeatherForecast" */;
			buildPhases = (
				2833A9FD4500D4CD37BD66B2 /* [CP] Check Pods Manifest.lock */,
				035AFCDC1FC554E000448767 /* Sources */,
				035AFCDD1FC554E000448767 /* Frameworks */,
				035AFCDE1FC554E000448767 /* Resources */,
				FCB8A6D55C5CB27B11C24C64 /* [CP] Embed Pods Frameworks */,
				7D47963B52590CAE8B3E6A37 /* [CP] Copy Pods Resources */,
			);
			buildRules = (
			);
			dependencies = (
			);
			name = WeatherForecast;
			productName = WeatherForecast;
			productReference = 035AFCE01FC554E000448767 /* WeatherForecast.app */;
			productType = "com.apple.product-type.application";
		};
		035AFCF31FC554E000448767 /* WeatherForecastTests */ = {
			isa = PBXNativeTarget;
			buildConfigurationList = 035AFD0B1FC554E000448767 /* Build configuration list for PBXNativeTarget "WeatherForecastTests" */;
			buildPhases = (
				8909A21639DDA375AA4929A9 /* [CP] Check Pods Manifest.lock */,
				035AFCF01FC554E000448767 /* Sources */,
				035AFCF11FC554E000448767 /* Frameworks */,
				035AFCF21FC554E000448767 /* Resources */,
				506FC9AC33CAD5A37CEB8D85 /* [CP] Embed Pods Frameworks */,
				ED24A5DA31DFC4E8F97CB3AB /* [CP] Copy Pods Resources */,
			);
			buildRules = (
			);
			dependencies = (
				035AFCF61FC554E000448767 /* PBXTargetDependency */,
			);
			name = WeatherForecastTests;
			productName = WeatherForecastTests;
			productReference = 035AFCF41FC554E000448767 /* WeatherForecastTests.xctest */;
			productType = "com.apple.product-type.bundle.unit-test";
		};
		035AFCFE1FC554E000448767 /* WeatherForecastUITests */ = {
			isa = PBXNativeTarget;
			buildConfigurationList = 035AFD0E1FC554E000448767 /* Build configuration list for PBXNativeTarget "WeatherForecastUITests" */;
			buildPhases = (
				1F53BD9A5830D643AB7DFAE3 /* [CP] Check Pods Manifest.lock */,
				035AFCFB1FC554E000448767 /* Sources */,
				035AFCFC1FC554E000448767 /* Frameworks */,
				035AFCFD1FC554E000448767 /* Resources */,
				F8AFEAFB7496C70627DF116E /* [CP] Embed Pods Frameworks */,
				734947E74EAE07C02772E91C /* [CP] Copy Pods Resources */,
			);
			buildRules = (
			);
			dependencies = (
				035AFD011FC554E000448767 /* PBXTargetDependency */,
			);
			name = WeatherForecastUITests;
			productName = WeatherForecastUITests;
			productReference = 035AFCFF1FC554E000448767 /* WeatherForecastUITests.xctest */;
			productType = "com.apple.product-type.bundle.ui-testing";
		};
/* End PBXNativeTarget section */

/* Begin PBXProject section */
		035AFCD81FC554E000448767 /* Project object */ = {
			isa = PBXProject;
			attributes = {
				LastSwiftUpdateCheck = 0910;
				LastUpgradeCheck = 0910;
				ORGANIZATIONNAME = baecheese;
				TargetAttributes = {
					035AFCDF1FC554E000448767 = {
						CreatedOnToolsVersion = 9.1;
						ProvisioningStyle = Automatic;
					};
					035AFCF31FC554E000448767 = {
						CreatedOnToolsVersion = 9.1;
						ProvisioningStyle = Automatic;
						TestTargetID = 035AFCDF1FC554E000448767;
					};
					035AFCFE1FC554E000448767 = {
						CreatedOnToolsVersion = 9.1;
						ProvisioningStyle = Automatic;
						TestTargetID = 035AFCDF1FC554E000448767;
					};
				};
			};
			buildConfigurationList = 035AFCDB1FC554E000448767 /* Build configuration list for PBXProject "WeatherForecast" */;
			compatibilityVersion = "Xcode 8.0";
			developmentRegion = en;
			hasScannedForEncodings = 0;
			knownRegions = (
				en,
				Base,
			);
			mainGroup = 035AFCD71FC554E000448767;
			productRefGroup = 035AFCE11FC554E000448767 /* Products */;
			projectDirPath = "";
			projectRoot = "";
			targets = (
				035AFCDF1FC554E000448767 /* WeatherForecast */,
				035AFCF31FC554E000448767 /* WeatherForecastTests */,
				035AFCFE1FC554E000448767 /* WeatherForecastUITests */,
			);
		};
/* End PBXProject section */

/* Begin PBXResourcesBuildPhase section */
		035AFCDE1FC554E000448767 /* Resources */ = {
			isa = PBXResourcesBuildPhase;
			buildActionMask = 2147483647;
			files = (
				035AFD561FC6A98F00448767 /* snowAndRain.jpg in Resources */,
				035AFCEE1FC554E000448767 /* LaunchScreen.storyboard in Resources */,
				035AFCEB1FC554E000448767 /* Assets.xcassets in Resources */,
				035AFD531FC6A98F00448767 /* rainAndSun.jpg in Resources */,
				035AFD5C1FC6B01700448767 /* darkSnow.jpg in Resources */,
				035AFD4C1FC6A97F00448767 /* cloud.jpg in Resources */,
				035AFD421FC6A57900448767 /* rain.jpg in Resources */,
				035AFCE91FC554E000448767 /* Main.storyboard in Resources */,
				035AFD541FC6A98F00448767 /* notSunny.jpg in Resources */,
				035AFD331FC5575800448767 /* magnifier.png in Resources */,
				035AFD441FC6A5D400448767 /* cloudMany.jpg in Resources */,
				035AFD521FC6A98F00448767 /* thunderstorm.jpg in Resources */,
				035AFD551FC6A98F00448767 /* snowCloud.jpg in Resources */,
				035AFD321FC5575800448767 /* defaultImage.jpg in Resources */,
				035AFD581FC6AA1E00448767 /* sunny.jpg in Resources */,
			);
			runOnlyForDeploymentPostprocessing = 0;
		};
		035AFCF21FC554E000448767 /* Resources */ = {
			isa = PBXResourcesBuildPhase;
			buildActionMask = 2147483647;
			files = (
			);
			runOnlyForDeploymentPostprocessing = 0;
		};
		035AFCFD1FC554E000448767 /* Resources */ = {
			isa = PBXResourcesBuildPhase;
			buildActionMask = 2147483647;
			files = (
			);
			runOnlyForDeploymentPostprocessing = 0;
		};
/* End PBXResourcesBuildPhase section */

/* Begin PBXShellScriptBuildPhase section */
		1F53BD9A5830D643AB7DFAE3 /* [CP] Check Pods Manifest.lock */ = {
			isa = PBXShellScriptBuildPhase;
			buildActionMask = 2147483647;
			files = (
			);
			inputPaths = (
				"${PODS_PODFILE_DIR_PATH}/Podfile.lock",
				"${PODS_ROOT}/Manifest.lock",
			);
			name = "[CP] Check Pods Manifest.lock";
			outputPaths = (
				"$(DERIVED_FILE_DIR)/Pods-WeatherForecastUITests-checkManifestLockResult.txt",
			);
			runOnlyForDeploymentPostprocessing = 0;
			shellPath = /bin/sh;
			shellScript = "diff \"${PODS_PODFILE_DIR_PATH}/Podfile.lock\" \"${PODS_ROOT}/Manifest.lock\" > /dev/null\nif [ $? != 0 ] ; then\n    # print error to STDERR\n    echo \"error: The sandbox is not in sync with the Podfile.lock. Run 'pod install' or update your CocoaPods installation.\" >&2\n    exit 1\nfi\n# This output is used by Xcode 'outputs' to avoid re-running this script phase.\necho \"SUCCESS\" > \"${SCRIPT_OUTPUT_FILE_0}\"\n";
			showEnvVarsInLog = 0;
		};
		2833A9FD4500D4CD37BD66B2 /* [CP] Check Pods Manifest.lock */ = {
			isa = PBXShellScriptBuildPhase;
			buildActionMask = 2147483647;
			files = (
			);
			inputPaths = (
				"${PODS_PODFILE_DIR_PATH}/Podfile.lock",
				"${PODS_ROOT}/Manifest.lock",
			);
			name = "[CP] Check Pods Manifest.lock";
			outputPaths = (
				"$(DERIVED_FILE_DIR)/Pods-WeatherForecast-checkManifestLockResult.txt",
			);
			runOnlyForDeploymentPostprocessing = 0;
			shellPath = /bin/sh;
			shellScript = "diff \"${PODS_PODFILE_DIR_PATH}/Podfile.lock\" \"${PODS_ROOT}/Manifest.lock\" > /dev/null\nif [ $? != 0 ] ; then\n    # print error to STDERR\n    echo \"error: The sandbox is not in sync with the Podfile.lock. Run 'pod install' or update your CocoaPods installation.\" >&2\n    exit 1\nfi\n# This output is used by Xcode 'outputs' to avoid re-running this script phase.\necho \"SUCCESS\" > \"${SCRIPT_OUTPUT_FILE_0}\"\n";
			showEnvVarsInLog = 0;
		};
		506FC9AC33CAD5A37CEB8D85 /* [CP] Embed Pods Frameworks */ = {
			isa = PBXShellScriptBuildPhase;
			buildActionMask = 2147483647;
			files = (
			);
			inputPaths = (
			);
			name = "[CP] Embed Pods Frameworks";
			outputPaths = (
			);
			runOnlyForDeploymentPostprocessing = 0;
			shellPath = /bin/sh;
			shellScript = "\"${SRCROOT}/Pods/Target Support Files/Pods-WeatherForecastTests/Pods-WeatherForecastTests-frameworks.sh\"\n";
			showEnvVarsInLog = 0;
		};
		734947E74EAE07C02772E91C /* [CP] Copy Pods Resources */ = {
			isa = PBXShellScriptBuildPhase;
			buildActionMask = 2147483647;
			files = (
			);
			inputPaths = (
			);
			name = "[CP] Copy Pods Resources";
			outputPaths = (
			);
			runOnlyForDeploymentPostprocessing = 0;
			shellPath = /bin/sh;
			shellScript = "\"${SRCROOT}/Pods/Target Support Files/Pods-WeatherForecastUITests/Pods-WeatherForecastUITests-resources.sh\"\n";
			showEnvVarsInLog = 0;
		};
		7D47963B52590CAE8B3E6A37 /* [CP] Copy Pods Resources */ = {
			isa = PBXShellScriptBuildPhase;
			buildActionMask = 2147483647;
			files = (
			);
			inputPaths = (
			);
			name = "[CP] Copy Pods Resources";
			outputPaths = (
			);
			runOnlyForDeploymentPostprocessing = 0;
			shellPath = /bin/sh;
			shellScript = "\"${SRCROOT}/Pods/Target Support Files/Pods-WeatherForecast/Pods-WeatherForecast-resources.sh\"\n";
			showEnvVarsInLog = 0;
		};
		8909A21639DDA375AA4929A9 /* [CP] Check Pods Manifest.lock */ = {
			isa = PBXShellScriptBuildPhase;
			buildActionMask = 2147483647;
			files = (
			);
			inputPaths = (
				"${PODS_PODFILE_DIR_PATH}/Podfile.lock",
				"${PODS_ROOT}/Manifest.lock",
			);
			name = "[CP] Check Pods Manifest.lock";
			outputPaths = (
				"$(DERIVED_FILE_DIR)/Pods-WeatherForecastTests-checkManifestLockResult.txt",
			);
			runOnlyForDeploymentPostprocessing = 0;
			shellPath = /bin/sh;
			shellScript = "diff \"${PODS_PODFILE_DIR_PATH}/Podfile.lock\" \"${PODS_ROOT}/Manifest.lock\" > /dev/null\nif [ $? != 0 ] ; then\n    # print error to STDERR\n    echo \"error: The sandbox is not in sync with the Podfile.lock. Run 'pod install' or update your CocoaPods installation.\" >&2\n    exit 1\nfi\n# This output is used by Xcode 'outputs' to avoid re-running this script phase.\necho \"SUCCESS\" > \"${SCRIPT_OUTPUT_FILE_0}\"\n";
			showEnvVarsInLog = 0;
		};
		ED24A5DA31DFC4E8F97CB3AB /* [CP] Copy Pods Resources */ = {
			isa = PBXShellScriptBuildPhase;
			buildActionMask = 2147483647;
			files = (
			);
			inputPaths = (
			);
			name = "[CP] Copy Pods Resources";
			outputPaths = (
			);
			runOnlyForDeploymentPostprocessing = 0;
			shellPath = /bin/sh;
			shellScript = "\"${SRCROOT}/Pods/Target Support Files/Pods-WeatherForecastTests/Pods-WeatherForecastTests-resources.sh\"\n";
			showEnvVarsInLog = 0;
		};
		F8AFEAFB7496C70627DF116E /* [CP] Embed Pods Frameworks */ = {
			isa = PBXShellScriptBuildPhase;
			buildActionMask = 2147483647;
			files = (
			);
			inputPaths = (
			);
			name = "[CP] Embed Pods Frameworks";
			outputPaths = (
			);
			runOnlyForDeploymentPostprocessing = 0;
			shellPath = /bin/sh;
			shellScript = "\"${SRCROOT}/Pods/Target Support Files/Pods-WeatherForecastUITests/Pods-WeatherForecastUITests-frameworks.sh\"\n";
			showEnvVarsInLog = 0;
		};
		FCB8A6D55C5CB27B11C24C64 /* [CP] Embed Pods Frameworks */ = {
			isa = PBXShellScriptBuildPhase;
			buildActionMask = 2147483647;
			files = (
			);
			inputPaths = (
				"${SRCROOT}/Pods/Target Support Files/Pods-WeatherForecast/Pods-WeatherForecast-frameworks.sh",
				"${BUILT_PRODUCTS_DIR}/Alamofire/Alamofire.framework",
				"${BUILT_PRODUCTS_DIR}/Realm/Realm.framework",
				"${BUILT_PRODUCTS_DIR}/RealmSwift/RealmSwift.framework",
			);
			name = "[CP] Embed Pods Frameworks";
			outputPaths = (
				"${TARGET_BUILD_DIR}/${FRAMEWORKS_FOLDER_PATH}/Alamofire.framework",
				"${TARGET_BUILD_DIR}/${FRAMEWORKS_FOLDER_PATH}/Realm.framework",
				"${TARGET_BUILD_DIR}/${FRAMEWORKS_FOLDER_PATH}/RealmSwift.framework",
			);
			runOnlyForDeploymentPostprocessing = 0;
			shellPath = /bin/sh;
			shellScript = "\"${SRCROOT}/Pods/Target Support Files/Pods-WeatherForecast/Pods-WeatherForecast-frameworks.sh\"\n";
			showEnvVarsInLog = 0;
		};
/* End PBXShellScriptBuildPhase section */

/* Begin PBXSourcesBuildPhase section */
		035AFCDC1FC554E000448767 /* Sources */ = {
			isa = PBXSourcesBuildPhase;
			buildActionMask = 2147483647;
			files = (
				035AFD211FC5553A00448767 /* ForecastType.swift in Sources */,
				035AFD1E1FC5553A00448767 /* WeatherInfo.swift in Sources */,
				03EAE79D1FCD24A800A2658A /* WaitNetworkAlertView.swift in Sources */,
				035AFD1A1FC5553A00448767 /* WeatherManager.swift in Sources */,
				035AFD381FC6820000448767 /* WeatherStatusBackground.swift in Sources */,
				035AFD361FC55DB900448767 /* Extension.swift in Sources */,
				035AFD3E1FC6931700448767 /* CityRepository.swift in Sources */,
				035AFD3A1FC6886300448767 /* ImageCoverView.swift in Sources */,
				035AFD1C1FC5553A00448767 /* SearchCityViewController.swift in Sources */,
				035AFD1B1FC5553A00448767 /* WeatherViewController.swift in Sources */,
				035AFD401FC6967C00448767 /* Logger.swift in Sources */,
				035AFCE41FC554E000448767 /* AppDelegate.swift in Sources */,
				035AFD1F1FC5553A00448767 /* SelectCityTableViewController.swift in Sources */,
				035AFD3C1FC6920400448767 /* City.swift in Sources */,
				035AFD1D1FC5553A00448767 /* MyJSONPaser.swift in Sources */,
			);
			runOnlyForDeploymentPostprocessing = 0;
		};
		035AFCF01FC554E000448767 /* Sources */ = {
			isa = PBXSourcesBuildPhase;
			buildActionMask = 2147483647;
			files = (
				035AFCF91FC554E000448767 /* WeatherForecastTests.swift in Sources */,
			);
			runOnlyForDeploymentPostprocessing = 0;
		};
		035AFCFB1FC554E000448767 /* Sources */ = {
			isa = PBXSourcesBuildPhase;
			buildActionMask = 2147483647;
			files = (
				035AFD041FC554E000448767 /* WeatherForecastUITests.swift in Sources */,
			);
			runOnlyForDeploymentPostprocessing = 0;
		};
/* End PBXSourcesBuildPhase section */

/* Begin PBXTargetDependency section */
		035AFCF61FC554E000448767 /* PBXTargetDependency */ = {
			isa = PBXTargetDependency;
			target = 035AFCDF1FC554E000448767 /* WeatherForecast */;
			targetProxy = 035AFCF51FC554E000448767 /* PBXContainerItemProxy */;
		};
		035AFD011FC554E000448767 /* PBXTargetDependency */ = {
			isa = PBXTargetDependency;
			target = 035AFCDF1FC554E000448767 /* WeatherForecast */;
			targetProxy = 035AFD001FC554E000448767 /* PBXContainerItemProxy */;
		};
/* End PBXTargetDependency section */

/* Begin PBXVariantGroup section */
		035AFCE71FC554E000448767 /* Main.storyboard */ = {
			isa = PBXVariantGroup;
			children = (
				035AFCE81FC554E000448767 /* Base */,
			);
			name = Main.storyboard;
			sourceTree = "<group>";
		};
		035AFCEC1FC554E000448767 /* LaunchScreen.storyboard */ = {
			isa = PBXVariantGroup;
			children = (
				035AFCED1FC554E000448767 /* Base */,
			);
			name = LaunchScreen.storyboard;
			sourceTree = "<group>";
		};
/* End PBXVariantGroup section */

/* Begin XCBuildConfiguration section */
		035AFD061FC554E000448767 /* Debug */ = {
			isa = XCBuildConfiguration;
			buildSettings = {
				ALWAYS_SEARCH_USER_PATHS = NO;
				CLANG_ANALYZER_NONNULL = YES;
				CLANG_ANALYZER_NUMBER_OBJECT_CONVERSION = YES_AGGRESSIVE;
				CLANG_CXX_LANGUAGE_STANDARD = "gnu++14";
				CLANG_CXX_LIBRARY = "libc++";
				CLANG_ENABLE_MODULES = YES;
				CLANG_ENABLE_OBJC_ARC = YES;
				CLANG_WARN_BLOCK_CAPTURE_AUTORELEASING = YES;
				CLANG_WARN_BOOL_CONVERSION = YES;
				CLANG_WARN_COMMA = YES;
				CLANG_WARN_CONSTANT_CONVERSION = YES;
				CLANG_WARN_DIRECT_OBJC_ISA_USAGE = YES_ERROR;
				CLANG_WARN_DOCUMENTATION_COMMENTS = YES;
				CLANG_WARN_EMPTY_BODY = YES;
				CLANG_WARN_ENUM_CONVERSION = YES;
				CLANG_WARN_INFINITE_RECURSION = YES;
				CLANG_WARN_INT_CONVERSION = YES;
				CLANG_WARN_NON_LITERAL_NULL_CONVERSION = YES;
				CLANG_WARN_OBJC_LITERAL_CONVERSION = YES;
				CLANG_WARN_OBJC_ROOT_CLASS = YES_ERROR;
				CLANG_WARN_RANGE_LOOP_ANALYSIS = YES;
				CLANG_WARN_STRICT_PROTOTYPES = YES;
				CLANG_WARN_SUSPICIOUS_MOVE = YES;
				CLANG_WARN_UNGUARDED_AVAILABILITY = YES_AGGRESSIVE;
				CLANG_WARN_UNREACHABLE_CODE = YES;
				CLANG_WARN__DUPLICATE_METHOD_MATCH = YES;
				CODE_SIGN_IDENTITY = "iPhone Developer";
				COPY_PHASE_STRIP = NO;
				DEBUG_INFORMATION_FORMAT = dwarf;
				ENABLE_STRICT_OBJC_MSGSEND = YES;
				ENABLE_TESTABILITY = YES;
				GCC_C_LANGUAGE_STANDARD = gnu11;
				GCC_DYNAMIC_NO_PIC = NO;
				GCC_NO_COMMON_BLOCKS = YES;
				GCC_OPTIMIZATION_LEVEL = 0;
				GCC_PREPROCESSOR_DEFINITIONS = (
					"DEBUG=1",
					"$(inherited)",
				);
				GCC_WARN_64_TO_32_BIT_CONVERSION = YES;
				GCC_WARN_ABOUT_RETURN_TYPE = YES_ERROR;
				GCC_WARN_UNDECLARED_SELECTOR = YES;
				GCC_WARN_UNINITIALIZED_AUTOS = YES_AGGRESSIVE;
				GCC_WARN_UNUSED_FUNCTION = YES;
				GCC_WARN_UNUSED_VARIABLE = YES;
				IPHONEOS_DEPLOYMENT_TARGET = 11.1;
				MTL_ENABLE_DEBUG_INFO = YES;
				ONLY_ACTIVE_ARCH = YES;
				SDKROOT = iphoneos;
				SWIFT_ACTIVE_COMPILATION_CONDITIONS = DEBUG;
				SWIFT_OPTIMIZATION_LEVEL = "-Onone";
			};
			name = Debug;
		};
		035AFD071FC554E000448767 /* Release */ = {
			isa = XCBuildConfiguration;
			buildSettings = {
				ALWAYS_SEARCH_USER_PATHS = NO;
				CLANG_ANALYZER_NONNULL = YES;
				CLANG_ANALYZER_NUMBER_OBJECT_CONVERSION = YES_AGGRESSIVE;
				CLANG_CXX_LANGUAGE_STANDARD = "gnu++14";
				CLANG_CXX_LIBRARY = "libc++";
				CLANG_ENABLE_MODULES = YES;
				CLANG_ENABLE_OBJC_ARC = YES;
				CLANG_WARN_BLOCK_CAPTURE_AUTORELEASING = YES;
				CLANG_WARN_BOOL_CONVERSION = YES;
				CLANG_WARN_COMMA = YES;
				CLANG_WARN_CONSTANT_CONVERSION = YES;
				CLANG_WARN_DIRECT_OBJC_ISA_USAGE = YES_ERROR;
				CLANG_WARN_DOCUMENTATION_COMMENTS = YES;
				CLANG_WARN_EMPTY_BODY = YES;
				CLANG_WARN_ENUM_CONVERSION = YES;
				CLANG_WARN_INFINITE_RECURSION = YES;
				CLANG_WARN_INT_CONVERSION = YES;
				CLANG_WARN_NON_LITERAL_NULL_CONVERSION = YES;
				CLANG_WARN_OBJC_LITERAL_CONVERSION = YES;
				CLANG_WARN_OBJC_ROOT_CLASS = YES_ERROR;
				CLANG_WARN_RANGE_LOOP_ANALYSIS = YES;
				CLANG_WARN_STRICT_PROTOTYPES = YES;
				CLANG_WARN_SUSPICIOUS_MOVE = YES;
				CLANG_WARN_UNGUARDED_AVAILABILITY = YES_AGGRESSIVE;
				CLANG_WARN_UNREACHABLE_CODE = YES;
				CLANG_WARN__DUPLICATE_METHOD_MATCH = YES;
				CODE_SIGN_IDENTITY = "iPhone Developer";
				COPY_PHASE_STRIP = NO;
				DEBUG_INFORMATION_FORMAT = "dwarf-with-dsym";
				ENABLE_NS_ASSERTIONS = NO;
				ENABLE_STRICT_OBJC_MSGSEND = YES;
				GCC_C_LANGUAGE_STANDARD = gnu11;
				GCC_NO_COMMON_BLOCKS = YES;
				GCC_WARN_64_TO_32_BIT_CONVERSION = YES;
				GCC_WARN_ABOUT_RETURN_TYPE = YES_ERROR;
				GCC_WARN_UNDECLARED_SELECTOR = YES;
				GCC_WARN_UNINITIALIZED_AUTOS = YES_AGGRESSIVE;
				GCC_WARN_UNUSED_FUNCTION = YES;
				GCC_WARN_UNUSED_VARIABLE = YES;
				IPHONEOS_DEPLOYMENT_TARGET = 11.1;
				MTL_ENABLE_DEBUG_INFO = NO;
				SDKROOT = iphoneos;
				SWIFT_OPTIMIZATION_LEVEL = "-Owholemodule";
				VALIDATE_PRODUCT = YES;
			};
			name = Release;
		};
		035AFD091FC554E000448767 /* Debug */ = {
			isa = XCBuildConfiguration;
			baseConfigurationReference = 5D7CE187400F0AC992A02343 /* Pods-WeatherForecast.debug.xcconfig */;
			buildSettings = {
				ASSETCATALOG_COMPILER_APPICON_NAME = AppIcon;
				CODE_SIGN_STYLE = Automatic;
				DEVELOPMENT_TEAM = 3Z5E8777P2;
				INFOPLIST_FILE = WeatherForecast/Info.plist;
				LD_RUNPATH_SEARCH_PATHS = "$(inherited) @executable_path/Frameworks";
				PRODUCT_BUNDLE_IDENTIFIER = com.baecheese.WeatherForecast;
				PRODUCT_NAME = "$(TARGET_NAME)";
				SWIFT_VERSION = 4.0;
				TARGETED_DEVICE_FAMILY = "1,2";
			};
			name = Debug;
		};
		035AFD0A1FC554E000448767 /* Release */ = {
			isa = XCBuildConfiguration;
			baseConfigurationReference = AB5AD494DDA54747627F7568 /* Pods-WeatherForecast.release.xcconfig */;
			buildSettings = {
				ASSETCATALOG_COMPILER_APPICON_NAME = AppIcon;
				CODE_SIGN_STYLE = Automatic;
				DEVELOPMENT_TEAM = 3Z5E8777P2;
				INFOPLIST_FILE = WeatherForecast/Info.plist;
				LD_RUNPATH_SEARCH_PATHS = "$(inherited) @executable_path/Frameworks";
				PRODUCT_BUNDLE_IDENTIFIER = com.baecheese.WeatherForecast;
				PRODUCT_NAME = "$(TARGET_NAME)";
				SWIFT_VERSION = 4.0;
				TARGETED_DEVICE_FAMILY = "1,2";
			};
			name = Release;
		};
		035AFD0C1FC554E000448767 /* Debug */ = {
			isa = XCBuildConfiguration;
			baseConfigurationReference = 91799AA539B4EB336DB079AD /* Pods-WeatherForecastTests.debug.xcconfig */;
			buildSettings = {
				ALWAYS_EMBED_SWIFT_STANDARD_LIBRARIES = YES;
				BUNDLE_LOADER = "$(TEST_HOST)";
				CODE_SIGN_STYLE = Automatic;
				DEVELOPMENT_TEAM = 3Z5E8777P2;
				INFOPLIST_FILE = WeatherForecastTests/Info.plist;
				LD_RUNPATH_SEARCH_PATHS = "$(inherited) @executable_path/Frameworks @loader_path/Frameworks";
				PRODUCT_BUNDLE_IDENTIFIER = com.baecheese.WeatherForecastTests;
				PRODUCT_NAME = "$(TARGET_NAME)";
				SWIFT_VERSION = 4.0;
				TARGETED_DEVICE_FAMILY = "1,2";
				TEST_HOST = "$(BUILT_PRODUCTS_DIR)/WeatherForecast.app/WeatherForecast";
			};
			name = Debug;
		};
		035AFD0D1FC554E000448767 /* Release */ = {
			isa = XCBuildConfiguration;
			baseConfigurationReference = 339BB6D419158C5C3AEDFF7F /* Pods-WeatherForecastTests.release.xcconfig */;
			buildSettings = {
				ALWAYS_EMBED_SWIFT_STANDARD_LIBRARIES = YES;
				BUNDLE_LOADER = "$(TEST_HOST)";
				CODE_SIGN_STYLE = Automatic;
				DEVELOPMENT_TEAM = 3Z5E8777P2;
				INFOPLIST_FILE = WeatherForecastTests/Info.plist;
				LD_RUNPATH_SEARCH_PATHS = "$(inherited) @executable_path/Frameworks @loader_path/Frameworks";
				PRODUCT_BUNDLE_IDENTIFIER = com.baecheese.WeatherForecastTests;
				PRODUCT_NAME = "$(TARGET_NAME)";
				SWIFT_VERSION = 4.0;
				TARGETED_DEVICE_FAMILY = "1,2";
				TEST_HOST = "$(BUILT_PRODUCTS_DIR)/WeatherForecast.app/WeatherForecast";
			};
			name = Release;
		};
		035AFD0F1FC554E000448767 /* Debug */ = {
			isa = XCBuildConfiguration;
			baseConfigurationReference = 83ED8506336DB35AC6906164 /* Pods-WeatherForecastUITests.debug.xcconfig */;
			buildSettings = {
				ALWAYS_EMBED_SWIFT_STANDARD_LIBRARIES = YES;
				CODE_SIGN_STYLE = Automatic;
				DEVELOPMENT_TEAM = 3Z5E8777P2;
				INFOPLIST_FILE = WeatherForecastUITests/Info.plist;
				LD_RUNPATH_SEARCH_PATHS = "$(inherited) @executable_path/Frameworks @loader_path/Frameworks";
				PRODUCT_BUNDLE_IDENTIFIER = com.baecheese.WeatherForecastUITests;
				PRODUCT_NAME = "$(TARGET_NAME)";
				SWIFT_VERSION = 4.0;
				TARGETED_DEVICE_FAMILY = "1,2";
				TEST_TARGET_NAME = WeatherForecast;
			};
			name = Debug;
		};
		035AFD101FC554E000448767 /* Release */ = {
			isa = XCBuildConfiguration;
			baseConfigurationReference = 08B10ED610538ACD86289DFA /* Pods-WeatherForecastUITests.release.xcconfig */;
			buildSettings = {
				ALWAYS_EMBED_SWIFT_STANDARD_LIBRARIES = YES;
				CODE_SIGN_STYLE = Automatic;
				DEVELOPMENT_TEAM = 3Z5E8777P2;
				INFOPLIST_FILE = WeatherForecastUITests/Info.plist;
				LD_RUNPATH_SEARCH_PATHS = "$(inherited) @executable_path/Frameworks @loader_path/Frameworks";
				PRODUCT_BUNDLE_IDENTIFIER = com.baecheese.WeatherForecastUITests;
				PRODUCT_NAME = "$(TARGET_NAME)";
				SWIFT_VERSION = 4.0;
				TARGETED_DEVICE_FAMILY = "1,2";
				TEST_TARGET_NAME = WeatherForecast;
			};
			name = Release;
		};
/* End XCBuildConfiguration section */

/* Begin XCConfigurationList section */
		035AFCDB1FC554E000448767 /* Build configuration list for PBXProject "WeatherForecast" */ = {
			isa = XCConfigurationList;
			buildConfigurations = (
				035AFD061FC554E000448767 /* Debug */,
				035AFD071FC554E000448767 /* Release */,
			);
			defaultConfigurationIsVisible = 0;
			defaultConfigurationName = Release;
		};
		035AFD081FC554E000448767 /* Build configuration list for PBXNativeTarget "WeatherForecast" */ = {
			isa = XCConfigurationList;
			buildConfigurations = (
				035AFD091FC554E000448767 /* Debug */,
				035AFD0A1FC554E000448767 /* Release */,
			);
			defaultConfigurationIsVisible = 0;
			defaultConfigurationName = Release;
		};
		035AFD0B1FC554E000448767 /* Build configuration list for PBXNativeTarget "WeatherForecastTests" */ = {
			isa = XCConfigurationList;
			buildConfigurations = (
				035AFD0C1FC554E000448767 /* Debug */,
				035AFD0D1FC554E000448767 /* Release */,
			);
			defaultConfigurationIsVisible = 0;
			defaultConfigurationName = Release;
		};
		035AFD0E1FC554E000448767 /* Build configuration list for PBXNativeTarget "WeatherForecastUITests" */ = {
			isa = XCConfigurationList;
			buildConfigurations = (
				035AFD0F1FC554E000448767 /* Debug */,
				035AFD101FC554E000448767 /* Release */,
			);
			defaultConfigurationIsVisible = 0;
			defaultConfigurationName = Release;
		};
/* End XCConfigurationList section */
	};
	rootObject = 035AFCD81FC554E000448767 /* Project object */;
}
